
Microsoft Visual Studio Solution File, Format Version 12.00
# Visual Studio Version 16
VisualStudioVersion = 16.0.30717.126
MinimumVisualStudioVersion = 10.0.40219.1
Project("{FAE04EC0-301F-11D3-BF4B-00C04F79EFBC}") = "Final_Challenge_3", "Final_Challenge_3\Final_Challenge_3.csproj", "{D1263202-D1D0-4AAE-BE0C-772C182A601E}"
EndProject
Global
	GlobalSection(SolutionConfigurationPlatforms) = preSolution
		Debug|Any CPU = Debug|Any CPU
		Release|Any CPU = Release|Any CPU
	EndGlobalSection
	GlobalSection(ProjectConfigurationPlatforms) = postSolution
		{D1263202-D1D0-4AAE-BE0C-772C182A601E}.Debug|Any CPU.ActiveCfg = Debug|Any CPU
		{D1263202-D1D0-4AAE-BE0C-772C182A601E}.Debug|Any CPU.Build.0 = Debug|Any CPU
		{D1263202-D1D0-4AAE-BE0C-772C182A601E}.Release|Any CPU.ActiveCfg = Release|Any CPU
		{D1263202-D1D0-4AAE-BE0C-772C182A601E}.Release|Any CPU.Build.0 = Release|Any CPU
	EndGlobalSection
	GlobalSection(SolutionProperties) = preSolution
		HideSolutionNode = FALSE
	EndGlobalSection
	GlobalSection(ExtensibilityGlobals) = postSolution
		SolutionGuid = {3A8F3BCC-504E-423C-8465-19791786F769}
	EndGlobalSection
EndGlobal
