
Microsoft Visual Studio Solution File, Format Version 12.00
# Visual Studio Version 16
VisualStudioVersion = 16.0.30717.126
MinimumVisualStudioVersion = 10.0.40219.1
Project("{FAE04EC0-301F-11D3-BF4B-00C04F79EFBC}") = "Void_Method_Multi_Parameters", "Void_Method_Multi_Parameters\Void_Method_Multi_Parameters.csproj", "{94166ED6-55A1-436F-A08D-7C44CC295080}"
EndProject
Global
	GlobalSection(SolutionConfigurationPlatforms) = preSolution
		Debug|Any CPU = Debug|Any CPU
		Release|Any CPU = Release|Any CPU
	EndGlobalSection
	GlobalSection(ProjectConfigurationPlatforms) = postSolution
		{94166ED6-55A1-436F-A08D-7C44CC295080}.Debug|Any CPU.ActiveCfg = Debug|Any CPU
		{94166ED6-55A1-436F-A08D-7C44CC295080}.Debug|Any CPU.Build.0 = Debug|Any CPU
		{94166ED6-55A1-436F-A08D-7C44CC295080}.Release|Any CPU.ActiveCfg = Release|Any CPU
		{94166ED6-55A1-436F-A08D-7C44CC295080}.Release|Any CPU.Build.0 = Release|Any CPU
	EndGlobalSection
	GlobalSection(SolutionProperties) = preSolution
		HideSolutionNode = FALSE
	EndGlobalSection
	GlobalSection(ExtensibilityGlobals) = postSolution
		SolutionGuid = {09841738-EEAB-4150-A9A5-70415642C453}
	EndGlobalSection
EndGlobal
