
Microsoft Visual Studio Solution File, Format Version 12.00
# Visual Studio Version 16
VisualStudioVersion = 16.0.30717.126
MinimumVisualStudioVersion = 10.0.40219.1
Project("{FAE04EC0-301F-11D3-BF4B-00C04F79EFBC}") = "Strings_Assignment", "Strings_Assignment\Strings_Assignment.csproj", "{12CC0E69-D37E-4CFE-8B65-557EEF9E5166}"
EndProject
Global
	GlobalSection(SolutionConfigurationPlatforms) = preSolution
		Debug|Any CPU = Debug|Any CPU
		Release|Any CPU = Release|Any CPU
	EndGlobalSection
	GlobalSection(ProjectConfigurationPlatforms) = postSolution
		{12CC0E69-D37E-4CFE-8B65-557EEF9E5166}.Debug|Any CPU.ActiveCfg = Debug|Any CPU
		{12CC0E69-D37E-4CFE-8B65-557EEF9E5166}.Debug|Any CPU.Build.0 = Debug|Any CPU
		{12CC0E69-D37E-4CFE-8B65-557EEF9E5166}.Release|Any CPU.ActiveCfg = Release|Any CPU
		{12CC0E69-D37E-4CFE-8B65-557EEF9E5166}.Release|Any CPU.Build.0 = Release|Any CPU
	EndGlobalSection
	GlobalSection(SolutionProperties) = preSolution
		HideSolutionNode = FALSE
	EndGlobalSection
	GlobalSection(ExtensibilityGlobals) = postSolution
		SolutionGuid = {A9D14275-7C06-4B1F-A931-F69E1BA0FDE8}
	EndGlobalSection
EndGlobal
