
Microsoft Visual Studio Solution File, Format Version 12.00
# Visual Studio Version 16
VisualStudioVersion = 16.0.30717.126
MinimumVisualStudioVersion = 10.0.40219.1
Project("{FAE04EC0-301F-11D3-BF4B-00C04F79EFBC}") = "Overload_Operator", "Overload_Operator\Overload_Operator.csproj", "{60B1973F-BA16-43A2-A926-39BE00ADCABA}"
EndProject
Global
	GlobalSection(SolutionConfigurationPlatforms) = preSolution
		Debug|Any CPU = Debug|Any CPU
		Release|Any CPU = Release|Any CPU
	EndGlobalSection
	GlobalSection(ProjectConfigurationPlatforms) = postSolution
		{60B1973F-BA16-43A2-A926-39BE00ADCABA}.Debug|Any CPU.ActiveCfg = Debug|Any CPU
		{60B1973F-BA16-43A2-A926-39BE00ADCABA}.Debug|Any CPU.Build.0 = Debug|Any CPU
		{60B1973F-BA16-43A2-A926-39BE00ADCABA}.Release|Any CPU.ActiveCfg = Release|Any CPU
		{60B1973F-BA16-43A2-A926-39BE00ADCABA}.Release|Any CPU.Build.0 = Release|Any CPU
	EndGlobalSection
	GlobalSection(SolutionProperties) = preSolution
		HideSolutionNode = FALSE
	EndGlobalSection
	GlobalSection(ExtensibilityGlobals) = postSolution
		SolutionGuid = {3BF732C5-C0C7-43C8-8051-683C403B82EC}
	EndGlobalSection
EndGlobal
