
Microsoft Visual Studio Solution File, Format Version 12.00
# Visual Studio Version 16
VisualStudioVersion = 16.0.30717.126
MinimumVisualStudioVersion = 10.0.40219.1
Project("{FAE04EC0-301F-11D3-BF4B-00C04F79EFBC}") = "File_IO_Logs", "File_IO_Logs\File_IO_Logs.csproj", "{6797EF7D-2F8E-4BA8-9F10-4A5136B05814}"
EndProject
Global
	GlobalSection(SolutionConfigurationPlatforms) = preSolution
		Debug|Any CPU = Debug|Any CPU
		Release|Any CPU = Release|Any CPU
	EndGlobalSection
	GlobalSection(ProjectConfigurationPlatforms) = postSolution
		{6797EF7D-2F8E-4BA8-9F10-4A5136B05814}.Debug|Any CPU.ActiveCfg = Debug|Any CPU
		{6797EF7D-2F8E-4BA8-9F10-4A5136B05814}.Debug|Any CPU.Build.0 = Debug|Any CPU
		{6797EF7D-2F8E-4BA8-9F10-4A5136B05814}.Release|Any CPU.ActiveCfg = Release|Any CPU
		{6797EF7D-2F8E-4BA8-9F10-4A5136B05814}.Release|Any CPU.Build.0 = Release|Any CPU
	EndGlobalSection
	GlobalSection(SolutionProperties) = preSolution
		HideSolutionNode = FALSE
	EndGlobalSection
	GlobalSection(ExtensibilityGlobals) = postSolution
		SolutionGuid = {87B4620A-ECB1-4EF1-8D1B-103A55685EF1}
	EndGlobalSection
EndGlobal
