
Microsoft Visual Studio Solution File, Format Version 12.00
# Visual Studio Version 16
VisualStudioVersion = 16.0.30717.126
MinimumVisualStudioVersion = 10.0.40219.1
Project("{FAE04EC0-301F-11D3-BF4B-00C04F79EFBC}") = "Multi_Parameters_Class", "Multi_Parameters_Class\Multi_Parameters_Class.csproj", "{70FE777F-4DCE-48CD-B183-0EFEB311C7AF}"
EndProject
Global
	GlobalSection(SolutionConfigurationPlatforms) = preSolution
		Debug|Any CPU = Debug|Any CPU
		Release|Any CPU = Release|Any CPU
	EndGlobalSection
	GlobalSection(ProjectConfigurationPlatforms) = postSolution
		{70FE777F-4DCE-48CD-B183-0EFEB311C7AF}.Debug|Any CPU.ActiveCfg = Debug|Any CPU
		{70FE777F-4DCE-48CD-B183-0EFEB311C7AF}.Debug|Any CPU.Build.0 = Debug|Any CPU
		{70FE777F-4DCE-48CD-B183-0EFEB311C7AF}.Release|Any CPU.ActiveCfg = Release|Any CPU
		{70FE777F-4DCE-48CD-B183-0EFEB311C7AF}.Release|Any CPU.Build.0 = Release|Any CPU
	EndGlobalSection
	GlobalSection(SolutionProperties) = preSolution
		HideSolutionNode = FALSE
	EndGlobalSection
	GlobalSection(ExtensibilityGlobals) = postSolution
		SolutionGuid = {1E0ED889-5CE9-4DB9-A7DF-098AC58CD4B6}
	EndGlobalSection
EndGlobal
